
Microsoft Visual Studio Solution File, Format Version 12.00
# Visual Studio Version 17
VisualStudioVersion = 17.13.35818.85 d17.13
MinimumVisualStudioVersion = 10.0.40219.1
Project("{FAE04EC0-301F-11D3-BF4B-00C04F79EFBC}") = "ortho48", "ortho48.csproj", "{76BB725B-6279-4FDF-BEF9-00E0486A93CC}"
EndProject
Global
	GlobalSection(SolutionConfigurationPlatforms) = preSolution
		Debug|Any CPU = Debug|Any CPU
		Release|Any CPU = Release|Any CPU
	EndGlobalSection
	GlobalSection(ProjectConfigurationPlatforms) = postSolution
		{76BB725B-6279-4FDF-BEF9-00E0486A93CC}.Debug|Any CPU.ActiveCfg = Debug|Any CPU
		{76BB725B-6279-4FDF-BEF9-00E0486A93CC}.Debug|Any CPU.Build.0 = Debug|Any CPU
		{76BB725B-6279-4FDF-BEF9-00E0486A93CC}.Release|Any CPU.ActiveCfg = Release|Any CPU
		{76BB725B-6279-4FDF-BEF9-00E0486A93CC}.Release|Any CPU.Build.0 = Release|Any CPU
	EndGlobalSection
	GlobalSection(SolutionProperties) = preSolution
		HideSolutionNode = FALSE
	EndGlobalSection
	GlobalSection(ExtensibilityGlobals) = postSolution
		SolutionGuid = {8506E07C-A975-42E5-8BA3-88CC2309CE54}
	EndGlobalSection
EndGlobal
